// !$*UTF8*$!
{
	archiveVersion = 1;
	classes = {
	};
	objectVersion = 50;
	objects = {

/* Begin PBXBuildFile section */
		84EAA27421E3D870007FE967 /* AuthViewController.swift in Sources */ = {isa = PBXBuildFile; fileRef = 84EAA27221E3D870007FE967 /* AuthViewController.swift */; };
		84EAA27521E3D870007FE967 /* AuthViewController.xib in Resources */ = {isa = PBXBuildFile; fileRef = 84EAA27321E3D870007FE967 /* AuthViewController.xib */; };
		84EAA27721E3D8E8007FE967 /* SignInView.xib in Resources */ = {isa = PBXBuildFile; fileRef = 84EAA27621E3D8E8007FE967 /* SignInView.xib */; };
		84EAA27921E3D90A007FE967 /* SignInView.swift in Sources */ = {isa = PBXBuildFile; fileRef = 84EAA27821E3D90A007FE967 /* SignInView.swift */; };
		84EAA28021E3DB8D007FE967 /* logo_green.png in Resources */ = {isa = PBXBuildFile; fileRef = 84EAA27F21E3DB8D007FE967 /* logo_green.png */; };
		84EAA28221E3EB26007FE967 /* Package.swift in Sources */ = {isa = PBXBuildFile; fileRef = 84EAA28121E3EB26007FE967 /* Package.swift */; };
		84EC841921E39CEC00D72BD4 /* AuthorizationManager.h in Headers */ = {isa = PBXBuildFile; fileRef = 84EC841721E39CEC00D72BD4 /* AuthorizationManager.h */; settings = {ATTRIBUTES = (Public, ); }; };
		84EC842221E3B7A300D72BD4 /* LICENSE in Resources */ = {isa = PBXBuildFile; fileRef = 84EC842121E3B7A300D72BD4 /* LICENSE */; };
		84EC842621E3B85600D72BD4 /* AuthorizationManager.podspec in Resources */ = {isa = PBXBuildFile; fileRef = 84EC842521E3B85600D72BD4 /* AuthorizationManager.podspec */; };
		84EC842821E3B8AE00D72BD4 /* README.md in Resources */ = {isa = PBXBuildFile; fileRef = 84EC842721E3B8AE00D72BD4 /* README.md */; };
		84EC842D21E3CA6500D72BD4 /* AuthorizationManager.swift in Sources */ = {isa = PBXBuildFile; fileRef = 84EC842C21E3CA6500D72BD4 /* AuthorizationManager.swift */; };
/* End PBXBuildFile section */

/* Begin PBXFileReference section */
		84EAA27221E3D870007FE967 /* AuthViewController.swift */ = {isa = PBXFileReference; lastKnownFileType = sourcecode.swift; path = AuthViewController.swift; sourceTree = "<group>"; };
		84EAA27321E3D870007FE967 /* AuthViewController.xib */ = {isa = PBXFileReference; lastKnownFileType = file.xib; path = AuthViewController.xib; sourceTree = "<group>"; };
		84EAA27621E3D8E8007FE967 /* SignInView.xib */ = {isa = PBXFileReference; lastKnownFileType = file.xib; path = SignInView.xib; sourceTree = "<group>"; };
		84EAA27821E3D90A007FE967 /* SignInView.swift */ = {isa = PBXFileReference; lastKnownFileType = sourcecode.swift; path = SignInView.swift; sourceTree = "<group>"; };
		84EAA27F21E3DB8D007FE967 /* logo_green.png */ = {isa = PBXFileReference; lastKnownFileType = image.png; path = logo_green.png; sourceTree = "<group>"; };
		84EAA28121E3EB26007FE967 /* Package.swift */ = {isa = PBXFileReference; fileEncoding = 4; lastKnownFileType = sourcecode.swift; path = Package.swift; sourceTree = "<group>"; };
		84EC841421E39CEC00D72BD4 /* AuthorizationManager.framework */ = {isa = PBXFileReference; explicitFileType = wrapper.framework; includeInIndex = 0; path = AuthorizationManager.framework; sourceTree = BUILT_PRODUCTS_DIR; };
		84EC841721E39CEC00D72BD4 /* AuthorizationManager.h */ = {isa = PBXFileReference; lastKnownFileType = sourcecode.c.h; path = AuthorizationManager.h; sourceTree = "<group>"; };
		84EC841821E39CEC00D72BD4 /* Info.plist */ = {isa = PBXFileReference; lastKnownFileType = text.plist.xml; path = Info.plist; sourceTree = "<group>"; };
		84EC842121E3B7A300D72BD4 /* LICENSE */ = {isa = PBXFileReference; lastKnownFileType = text; path = LICENSE; sourceTree = "<group>"; };
		84EC842521E3B85600D72BD4 /* AuthorizationManager.podspec */ = {isa = PBXFileReference; fileEncoding = 4; lastKnownFileType = text; path = AuthorizationManager.podspec; sourceTree = "<group>"; };
		84EC842721E3B8AE00D72BD4 /* README.md */ = {isa = PBXFileReference; fileEncoding = 4; lastKnownFileType = net.daringfireball.markdown; path = README.md; sourceTree = "<group>"; };
		84EC842B21E3C73C00D72BD4 /* Defaults.xcconfig */ = {isa = PBXFileReference; lastKnownFileType = text.xcconfig; path = Defaults.xcconfig; sourceTree = "<group>"; };
		84EC842C21E3CA6500D72BD4 /* AuthorizationManager.swift */ = {isa = PBXFileReference; lastKnownFileType = sourcecode.swift; path = AuthorizationManager.swift; sourceTree = "<group>"; };
/* End PBXFileReference section */

/* Begin PBXFrameworksBuildPhase section */
		84EC841121E39CEC00D72BD4 /* Frameworks */ = {
			isa = PBXFrameworksBuildPhase;
			buildActionMask = 2147483647;
			files = (
			);
			runOnlyForDeploymentPostprocessing = 0;
		};
/* End PBXFrameworksBuildPhase section */

/* Begin PBXGroup section */
		84EAA26F21E3D6C3007FE967 /* Views */ = {
			isa = PBXGroup;
			children = (
				84EAA27621E3D8E8007FE967 /* SignInView.xib */,
				84EAA27821E3D90A007FE967 /* SignInView.swift */,
			);
			path = Views;
			sourceTree = "<group>";
		};
		84EAA27A21E3D933007FE967 /* Tests */ = {
			isa = PBXGroup;
			children = (
			);
			path = Tests;
			sourceTree = "<group>";
		};
		84EC840A21E39CEC00D72BD4 = {
			isa = PBXGroup;
			children = (
				84EC842921E3C65000D72BD4 /* Sources */,
				84EC842E21E3CC1D00D72BD4 /* Resources */,
				84EC842A21E3C69400D72BD4 /* Supporting Files */,
				84EAA27A21E3D933007FE967 /* Tests */,
				84EC842721E3B8AE00D72BD4 /* README.md */,
				84EC842521E3B85600D72BD4 /* AuthorizationManager.podspec */,
				84EC842121E3B7A300D72BD4 /* LICENSE */,
				84EAA28121E3EB26007FE967 /* Package.swift */,
				84EC841521E39CEC00D72BD4 /* Products */,
			);
			sourceTree = "<group>";
		};
		84EC841521E39CEC00D72BD4 /* Products */ = {
			isa = PBXGroup;
			children = (
				84EC841421E39CEC00D72BD4 /* AuthorizationManager.framework */,
			);
			name = Products;
			sourceTree = "<group>";
		};
		84EC842921E3C65000D72BD4 /* Sources */ = {
			isa = PBXGroup;
			children = (
				84EC842F21E3CE4200D72BD4 /* ViewControllers */,
				84EAA26F21E3D6C3007FE967 /* Views */,
				84EC841721E39CEC00D72BD4 /* AuthorizationManager.h */,
				84EC842C21E3CA6500D72BD4 /* AuthorizationManager.swift */,
			);
			path = Sources;
			sourceTree = "<group>";
		};
		84EC842A21E3C69400D72BD4 /* Supporting Files */ = {
			isa = PBXGroup;
			children = (
				84EC841821E39CEC00D72BD4 /* Info.plist */,
				84EC842B21E3C73C00D72BD4 /* Defaults.xcconfig */,
			);
			path = "Supporting Files";
			sourceTree = "<group>";
		};
		84EC842E21E3CC1D00D72BD4 /* Resources */ = {
			isa = PBXGroup;
			children = (
				84EAA27F21E3DB8D007FE967 /* logo_green.png */,
			);
			path = Resources;
			sourceTree = "<group>";
		};
		84EC842F21E3CE4200D72BD4 /* ViewControllers */ = {
			isa = PBXGroup;
			children = (
				84EAA27221E3D870007FE967 /* AuthViewController.swift */,
				84EAA27321E3D870007FE967 /* AuthViewController.xib */,
			);
			path = ViewControllers;
			sourceTree = "<group>";
		};
/* End PBXGroup section */

/* Begin PBXHeadersBuildPhase section */
		84EC840F21E39CEC00D72BD4 /* Headers */ = {
			isa = PBXHeadersBuildPhase;
			buildActionMask = 2147483647;
			files = (
				84EC841921E39CEC00D72BD4 /* AuthorizationManager.h in Headers */,
			);
			runOnlyForDeploymentPostprocessing = 0;
		};
/* End PBXHeadersBuildPhase section */

/* Begin PBXNativeTarget section */
		84EC841321E39CEC00D72BD4 /* AuthorizationManager */ = {
			isa = PBXNativeTarget;
			buildConfigurationList = 84EC841C21E39CEC00D72BD4 /* Build configuration list for PBXNativeTarget "AuthorizationManager" */;
			buildPhases = (
				84EC840F21E39CEC00D72BD4 /* Headers */,
				84EC841021E39CEC00D72BD4 /* Sources */,
				84EC841121E39CEC00D72BD4 /* Frameworks */,
				84EC841221E39CEC00D72BD4 /* Resources */,
			);
			buildRules = (
			);
			dependencies = (
			);
			name = AuthorizationManager;
			productName = AuthorizationManager;
			productReference = 84EC841421E39CEC00D72BD4 /* AuthorizationManager.framework */;
			productType = "com.apple.product-type.framework";
		};
/* End PBXNativeTarget section */

/* Begin PBXProject section */
		84EC840B21E39CEC00D72BD4 /* Project object */ = {
			isa = PBXProject;
			attributes = {
				LastUpgradeCheck = 1010;
				ORGANIZATIONNAME = ancotov;
				TargetAttributes = {
					84EC841321E39CEC00D72BD4 = {
						CreatedOnToolsVersion = 10.1;
						LastSwiftMigration = 1010;
					};
				};
			};
			buildConfigurationList = 84EC840E21E39CEC00D72BD4 /* Build configuration list for PBXProject "AuthorizationManager" */;
			compatibilityVersion = "Xcode 9.3";
			developmentRegion = en;
			hasScannedForEncodings = 0;
			knownRegions = (
				en,
			);
			mainGroup = 84EC840A21E39CEC00D72BD4;
			productRefGroup = 84EC841521E39CEC00D72BD4 /* Products */;
			projectDirPath = "";
			projectRoot = "";
			targets = (
				84EC841321E39CEC00D72BD4 /* AuthorizationManager */,
			);
		};
/* End PBXProject section */

/* Begin PBXResourcesBuildPhase section */
		84EC841221E39CEC00D72BD4 /* Resources */ = {
			isa = PBXResourcesBuildPhase;
			buildActionMask = 2147483647;
			files = (
				84EAA28021E3DB8D007FE967 /* logo_green.png in Resources */,
				84EAA27521E3D870007FE967 /* AuthViewController.xib in Resources */,
				84EC842821E3B8AE00D72BD4 /* README.md in Resources */,
				84EC842621E3B85600D72BD4 /* AuthorizationManager.podspec in Resources */,
				84EC842221E3B7A300D72BD4 /* LICENSE in Resources */,
				84EAA27721E3D8E8007FE967 /* SignInView.xib in Resources */,
			);
			runOnlyForDeploymentPostprocessing = 0;
		};
/* End PBXResourcesBuildPhase section */

/* Begin PBXSourcesBuildPhase section */
		84EC841021E39CEC00D72BD4 /* Sources */ = {
			isa = PBXSourcesBuildPhase;
			buildActionMask = 2147483647;
			files = (
				84EAA28221E3EB26007FE967 /* Package.swift in Sources */,
				84EAA27921E3D90A007FE967 /* SignInView.swift in Sources */,
				84EAA27421E3D870007FE967 /* AuthViewController.swift in Sources */,
				84EC842D21E3CA6500D72BD4 /* AuthorizationManager.swift in Sources */,
			);
			runOnlyForDeploymentPostprocessing = 0;
		};
/* End PBXSourcesBuildPhase section */

/* Begin XCBuildConfiguration section */
		84EC841A21E39CEC00D72BD4 /* Debug */ = {
			isa = XCBuildConfiguration;
			buildSettings = {
				ALWAYS_SEARCH_USER_PATHS = NO;
				CLANG_ANALYZER_NONNULL = YES;
				CLANG_ANALYZER_NUMBER_OBJECT_CONVERSION = YES_AGGRESSIVE;
				CLANG_CXX_LANGUAGE_STANDARD = "gnu++14";
				CLANG_CXX_LIBRARY = "libc++";
				CLANG_ENABLE_MODULES = YES;
				CLANG_ENABLE_OBJC_ARC = YES;
				CLANG_ENABLE_OBJC_WEAK = YES;
				CLANG_WARN_BLOCK_CAPTURE_AUTORELEASING = YES;
				CLANG_WARN_BOOL_CONVERSION = YES;
				CLANG_WARN_COMMA = YES;
				CLANG_WARN_CONSTANT_CONVERSION = YES;
				CLANG_WARN_DEPRECATED_OBJC_IMPLEMENTATIONS = YES;
				CLANG_WARN_DIRECT_OBJC_ISA_USAGE = YES_ERROR;
				CLANG_WARN_DOCUMENTATION_COMMENTS = YES;
				CLANG_WARN_EMPTY_BODY = YES;
				CLANG_WARN_ENUM_CONVERSION = YES;
				CLANG_WARN_INFINITE_RECURSION = YES;
				CLANG_WARN_INT_CONVERSION = YES;
				CLANG_WARN_NON_LITERAL_NULL_CONVERSION = YES;
				CLANG_WARN_OBJC_IMPLICIT_RETAIN_SELF = YES;
				CLANG_WARN_OBJC_LITERAL_CONVERSION = YES;
				CLANG_WARN_OBJC_ROOT_CLASS = YES_ERROR;
				CLANG_WARN_RANGE_LOOP_ANALYSIS = YES;
				CLANG_WARN_STRICT_PROTOTYPES = YES;
				CLANG_WARN_SUSPICIOUS_MOVE = YES;
				CLANG_WARN_UNGUARDED_AVAILABILITY = YES_AGGRESSIVE;
				CLANG_WARN_UNREACHABLE_CODE = YES;
				CLANG_WARN__DUPLICATE_METHOD_MATCH = YES;
				CODE_SIGN_IDENTITY = "iPhone Developer";
				COPY_PHASE_STRIP = NO;
				CURRENT_PROJECT_VERSION = 1;
				DEBUG_INFORMATION_FORMAT = dwarf;
				ENABLE_STRICT_OBJC_MSGSEND = YES;
				ENABLE_TESTABILITY = YES;
				GCC_C_LANGUAGE_STANDARD = gnu11;
				GCC_DYNAMIC_NO_PIC = NO;
				GCC_NO_COMMON_BLOCKS = YES;
				GCC_OPTIMIZATION_LEVEL = 0;
				GCC_PREPROCESSOR_DEFINITIONS = (
					"DEBUG=1",
					"$(inherited)",
				);
				GCC_WARN_64_TO_32_BIT_CONVERSION = YES;
				GCC_WARN_ABOUT_RETURN_TYPE = YES_ERROR;
				GCC_WARN_UNDECLARED_SELECTOR = YES;
				GCC_WARN_UNINITIALIZED_AUTOS = YES_AGGRESSIVE;
				GCC_WARN_UNUSED_FUNCTION = YES;
				GCC_WARN_UNUSED_VARIABLE = YES;
				IPHONEOS_DEPLOYMENT_TARGET = 12.1;
				MTL_ENABLE_DEBUG_INFO = INCLUDE_SOURCE;
				MTL_FAST_MATH = YES;
				ONLY_ACTIVE_ARCH = YES;
				SDKROOT = iphoneos;
				SWIFT_ACTIVE_COMPILATION_CONDITIONS = DEBUG;
				SWIFT_OPTIMIZATION_LEVEL = "-Onone";
				VERSIONING_SYSTEM = "apple-generic";
				VERSION_INFO_PREFIX = "";
			};
			name = Debug;
		};
		84EC841B21E39CEC00D72BD4 /* Release */ = {
			isa = XCBuildConfiguration;
			buildSettings = {
				ALWAYS_SEARCH_USER_PATHS = NO;
				CLANG_ANALYZER_NONNULL = YES;
				CLANG_ANALYZER_NUMBER_OBJECT_CONVERSION = YES_AGGRESSIVE;
				CLANG_CXX_LANGUAGE_STANDARD = "gnu++14";
				CLANG_CXX_LIBRARY = "libc++";
				CLANG_ENABLE_MODULES = YES;
				CLANG_ENABLE_OBJC_ARC = YES;
				CLANG_ENABLE_OBJC_WEAK = YES;
				CLANG_WARN_BLOCK_CAPTURE_AUTORELEASING = YES;
				CLANG_WARN_BOOL_CONVERSION = YES;
				CLANG_WARN_COMMA = YES;
				CLANG_WARN_CONSTANT_CONVERSION = YES;
				CLANG_WARN_DEPRECATED_OBJC_IMPLEMENTATIONS = YES;
				CLANG_WARN_DIRECT_OBJC_ISA_USAGE = YES_ERROR;
				CLANG_WARN_DOCUMENTATION_COMMENTS = YES;
				CLANG_WARN_EMPTY_BODY = YES;
				CLANG_WARN_ENUM_CONVERSION = YES;
				CLANG_WARN_INFINITE_RECURSION = YES;
				CLANG_WARN_INT_CONVERSION = YES;
				CLANG_WARN_NON_LITERAL_NULL_CONVERSION = YES;
				CLANG_WARN_OBJC_IMPLICIT_RETAIN_SELF = YES;
				CLANG_WARN_OBJC_LITERAL_CONVERSION = YES;
				CLANG_WARN_OBJC_ROOT_CLASS = YES_ERROR;
				CLANG_WARN_RANGE_LOOP_ANALYSIS = YES;
				CLANG_WARN_STRICT_PROTOTYPES = YES;
				CLANG_WARN_SUSPICIOUS_MOVE = YES;
				CLANG_WARN_UNGUARDED_AVAILABILITY = YES_AGGRESSIVE;
				CLANG_WARN_UNREACHABLE_CODE = YES;
				CLANG_WARN__DUPLICATE_METHOD_MATCH = YES;
				CODE_SIGN_IDENTITY = "iPhone Developer";
				COPY_PHASE_STRIP = NO;
				CURRENT_PROJECT_VERSION = 1;
				DEBUG_INFORMATION_FORMAT = "dwarf-with-dsym";
				ENABLE_NS_ASSERTIONS = NO;
				ENABLE_STRICT_OBJC_MSGSEND = YES;
				GCC_C_LANGUAGE_STANDARD = gnu11;
				GCC_NO_COMMON_BLOCKS = YES;
				GCC_WARN_64_TO_32_BIT_CONVERSION = YES;
				GCC_WARN_ABOUT_RETURN_TYPE = YES_ERROR;
				GCC_WARN_UNDECLARED_SELECTOR = YES;
				GCC_WARN_UNINITIALIZED_AUTOS = YES_AGGRESSIVE;
				GCC_WARN_UNUSED_FUNCTION = YES;
				GCC_WARN_UNUSED_VARIABLE = YES;
				IPHONEOS_DEPLOYMENT_TARGET = 12.1;
				MTL_ENABLE_DEBUG_INFO = NO;
				MTL_FAST_MATH = YES;
				SDKROOT = iphoneos;
				SWIFT_COMPILATION_MODE = wholemodule;
				SWIFT_OPTIMIZATION_LEVEL = "-O";
				VALIDATE_PRODUCT = YES;
				VERSIONING_SYSTEM = "apple-generic";
				VERSION_INFO_PREFIX = "";
			};
			name = Release;
		};
		84EC841D21E39CEC00D72BD4 /* Debug */ = {
			isa = XCBuildConfiguration;
			buildSettings = {
				CLANG_ENABLE_MODULES = YES;
				CODE_SIGN_IDENTITY = "";
				CODE_SIGN_STYLE = Automatic;
				DEFINES_MODULE = YES;
				DEVELOPMENT_TEAM = XEB7H42WFR;
				DYLIB_COMPATIBILITY_VERSION = 1;
				DYLIB_CURRENT_VERSION = 1;
				DYLIB_INSTALL_NAME_BASE = "@rpath";
				INFOPLIST_FILE = "$(SRCROOT)/Supporting Files/Info.plist";
				INSTALL_PATH = "$(LOCAL_LIBRARY_DIR)/Frameworks";
				LD_RUNPATH_SEARCH_PATHS = (
					"$(inherited)",
					"@executable_path/Frameworks",
					"@loader_path/Frameworks",
				);
				PRODUCT_BUNDLE_IDENTIFIER = ancotov.AuthorizationManager;
				PRODUCT_NAME = "$(TARGET_NAME:c99extidentifier)";
				SKIP_INSTALL = YES;
				SWIFT_OPTIMIZATION_LEVEL = "-Onone";
				SWIFT_VERSION = 4.2;
				TARGETED_DEVICE_FAMILY = "1,2";
			};
			name = Debug;
		};
		84EC841E21E39CEC00D72BD4 /* Release */ = {
			isa = XCBuildConfiguration;
			buildSettings = {
				CLANG_ENABLE_MODULES = YES;
				CODE_SIGN_IDENTITY = "";
				CODE_SIGN_STYLE = Automatic;
				DEFINES_MODULE = YES;
				DEVELOPMENT_TEAM = XEB7H42WFR;
				DYLIB_COMPATIBILITY_VERSION = 1;
				DYLIB_CURRENT_VERSION = 1;
				DYLIB_INSTALL_NAME_BASE = "@rpath";
				INFOPLIST_FILE = "$(SRCROOT)/Supporting Files/Info.plist";
				INSTALL_PATH = "$(LOCAL_LIBRARY_DIR)/Frameworks";
				LD_RUNPATH_SEARCH_PATHS = (
					"$(inherited)",
					"@executable_path/Frameworks",
					"@loader_path/Frameworks",
				);
				PRODUCT_BUNDLE_IDENTIFIER = ancotov.AuthorizationManager;
				PRODUCT_NAME = "$(TARGET_NAME:c99extidentifier)";
				SKIP_INSTALL = YES;
				SWIFT_VERSION = 4.2;
				TARGETED_DEVICE_FAMILY = "1,2";
			};
			name = Release;
		};
/* End XCBuildConfiguration section */

/* Begin XCConfigurationList section */
		84EC840E21E39CEC00D72BD4 /* Build configuration list for PBXProject "AuthorizationManager" */ = {
			isa = XCConfigurationList;
			buildConfigurations = (
				84EC841A21E39CEC00D72BD4 /* Debug */,
				84EC841B21E39CEC00D72BD4 /* Release */,
			);
			defaultConfigurationIsVisible = 0;
			defaultConfigurationName = Release;
		};
		84EC841C21E39CEC00D72BD4 /* Build configuration list for PBXNativeTarget "AuthorizationManager" */ = {
			isa = XCConfigurationList;
			buildConfigurations = (
				84EC841D21E39CEC00D72BD4 /* Debug */,
				84EC841E21E39CEC00D72BD4 /* Release */,
			);
			defaultConfigurationIsVisible = 0;
			defaultConfigurationName = Release;
		};
/* End XCConfigurationList section */
	};
	rootObject = 84EC840B21E39CEC00D72BD4 /* Project object */;
}
